{
  "name": "@phaserjs/phaser-esbuild-typescript-template",
  "version": "1.0.0",
  "lockfileVersion": 1,
  "requires": true,
  "dependencies": {
    "@phaserjs/phaser": {
      "version": "0.1.8",
      "resolved": "https://registry.npmjs.org/@phaserjs/phaser/-/phaser-0.1.8.tgz",
      "integrity": "sha512-pkRcRUlpObYVn2kbmE4pVrwoJ7epYmFxl7+BIcU8CZ4FcLg8I79F6GrlIiLsFSFGVCrziqNnms3EKn1bGLcH5g==",
      "dev": true
    },
    "esbuild": {
      "version": "0.5.26",
      "resolved": "https://registry.npmjs.org/esbuild/-/esbuild-0.5.26.tgz",
      "integrity": "sha512-OopLmIbQNOWBWMBoOtHjDEaIiTI2okEpRkbiKccfatnXJtsGazwWhR0dmvY8ynjLx/BOPS9mQ6QFl7J1BQCcaQ==",
      "dev": true
    },
    "typescript": {
      "version": "3.9.6",
      "resolved": "https://registry.npmjs.org/typescript/-/typescript-3.9.6.tgz",
      "integrity": "sha512-Pspx3oKAPJtjNwE92YS05HQoY7z2SFyOpHo9MqJor3BXAGNaPUs83CuVp9VISFkSjyRfiTpmKuAYGJB7S7hOxw==",
      "dev": true
    }
  }
}
